
Microsoft Visual Studio Solution File, Format Version 12.00
# Visual Studio Version 17
VisualStudioVersion = 17.7.34031.279
MinimumVisualStudioVersion = 10.0.40219.1
Project("{FAE04EC0-301F-11D3-BF4B-00C04F79EFBC}") = "Exercicio 3", "Exercicio 3.csproj", "{CE110140-8FFE-41D1-A88C-07192EFF9C85}"
EndProject
Global
	GlobalSection(SolutionConfigurationPlatforms) = preSolution
		Debug|Any CPU = Debug|Any CPU
		Release|Any CPU = Release|Any CPU
	EndGlobalSection
	GlobalSection(ProjectConfigurationPlatforms) = postSolution
		{CE110140-8FFE-41D1-A88C-07192EFF9C85}.Debug|Any CPU.ActiveCfg = Debug|Any CPU
		{CE110140-8FFE-41D1-A88C-07192EFF9C85}.Debug|Any CPU.Build.0 = Debug|Any CPU
		{CE110140-8FFE-41D1-A88C-07192EFF9C85}.Release|Any CPU.ActiveCfg = Release|Any CPU
		{CE110140-8FFE-41D1-A88C-07192EFF9C85}.Release|Any CPU.Build.0 = Release|Any CPU
	EndGlobalSection
	GlobalSection(SolutionProperties) = preSolution
		HideSolutionNode = FALSE
	EndGlobalSection
	GlobalSection(ExtensibilityGlobals) = postSolution
		SolutionGuid = {FFB10F90-C99F-4F2E-9966-57B56C53FB24}
	EndGlobalSection
EndGlobal
