
Microsoft Visual Studio Solution File, Format Version 12.00
# Visual Studio Version 17
VisualStudioVersion = 17.7.34031.279
MinimumVisualStudioVersion = 10.0.40219.1
Project("{FAE04EC0-301F-11D3-BF4B-00C04F79EFBC}") = "ToDoApi", "ToDoApi.csproj", "{D447259B-865A-4B7E-B4F2-A6F775F4B3FD}"
EndProject
Global
	GlobalSection(SolutionConfigurationPlatforms) = preSolution
		Debug|Any CPU = Debug|Any CPU
		Release|Any CPU = Release|Any CPU
	EndGlobalSection
	GlobalSection(ProjectConfigurationPlatforms) = postSolution
		{D447259B-865A-4B7E-B4F2-A6F775F4B3FD}.Debug|Any CPU.ActiveCfg = Debug|Any CPU
		{D447259B-865A-4B7E-B4F2-A6F775F4B3FD}.Debug|Any CPU.Build.0 = Debug|Any CPU
		{D447259B-865A-4B7E-B4F2-A6F775F4B3FD}.Release|Any CPU.ActiveCfg = Release|Any CPU
		{D447259B-865A-4B7E-B4F2-A6F775F4B3FD}.Release|Any CPU.Build.0 = Release|Any CPU
	EndGlobalSection
	GlobalSection(SolutionProperties) = preSolution
		HideSolutionNode = FALSE
	EndGlobalSection
	GlobalSection(ExtensibilityGlobals) = postSolution
		SolutionGuid = {8551F091-37F9-4833-B52F-932385B14AB5}
	EndGlobalSection
EndGlobal
