
Microsoft Visual Studio Solution File, Format Version 12.00
# Visual Studio Version 17
VisualStudioVersion = 17.7.34031.279
MinimumVisualStudioVersion = 10.0.40219.1
Project("{FAE04EC0-301F-11D3-BF4B-00C04F79EFBC}") = "Transporte", "Transporte.csproj", "{1FD2CCF1-396A-4136-ACF1-B353248389A5}"
EndProject
Global
	GlobalSection(SolutionConfigurationPlatforms) = preSolution
		Debug|Any CPU = Debug|Any CPU
		Release|Any CPU = Release|Any CPU
	EndGlobalSection
	GlobalSection(ProjectConfigurationPlatforms) = postSolution
		{1FD2CCF1-396A-4136-ACF1-B353248389A5}.Debug|Any CPU.ActiveCfg = Debug|Any CPU
		{1FD2CCF1-396A-4136-ACF1-B353248389A5}.Debug|Any CPU.Build.0 = Debug|Any CPU
		{1FD2CCF1-396A-4136-ACF1-B353248389A5}.Release|Any CPU.ActiveCfg = Release|Any CPU
		{1FD2CCF1-396A-4136-ACF1-B353248389A5}.Release|Any CPU.Build.0 = Release|Any CPU
	EndGlobalSection
	GlobalSection(SolutionProperties) = preSolution
		HideSolutionNode = FALSE
	EndGlobalSection
	GlobalSection(ExtensibilityGlobals) = postSolution
		SolutionGuid = {19459BEF-289A-412F-BC75-250C96490281}
	EndGlobalSection
EndGlobal
