
Microsoft Visual Studio Solution File, Format Version 12.00
# Visual Studio Version 17
VisualStudioVersion = 17.7.34031.279
MinimumVisualStudioVersion = 10.0.40219.1
Project("{FAE04EC0-301F-11D3-BF4B-00C04F79EFBC}") = "Curso de Inglês", "Curso de Inglês.csproj", "{D5ABCD92-5C4A-4103-920B-E64BA8A6C0AB}"
EndProject
Global
	GlobalSection(SolutionConfigurationPlatforms) = preSolution
		Debug|Any CPU = Debug|Any CPU
		Release|Any CPU = Release|Any CPU
	EndGlobalSection
	GlobalSection(ProjectConfigurationPlatforms) = postSolution
		{D5ABCD92-5C4A-4103-920B-E64BA8A6C0AB}.Debug|Any CPU.ActiveCfg = Debug|Any CPU
		{D5ABCD92-5C4A-4103-920B-E64BA8A6C0AB}.Debug|Any CPU.Build.0 = Debug|Any CPU
		{D5ABCD92-5C4A-4103-920B-E64BA8A6C0AB}.Release|Any CPU.ActiveCfg = Release|Any CPU
		{D5ABCD92-5C4A-4103-920B-E64BA8A6C0AB}.Release|Any CPU.Build.0 = Release|Any CPU
	EndGlobalSection
	GlobalSection(SolutionProperties) = preSolution
		HideSolutionNode = FALSE
	EndGlobalSection
	GlobalSection(ExtensibilityGlobals) = postSolution
		SolutionGuid = {5896C41B-DDA6-4396-B74E-4B05FFA3963D}
	EndGlobalSection
EndGlobal
