
Microsoft Visual Studio Solution File, Format Version 12.00
# Visual Studio Version 17
VisualStudioVersion = 17.7.34031.279
MinimumVisualStudioVersion = 10.0.40219.1
Project("{FAE04EC0-301F-11D3-BF4B-00C04F79EFBC}") = "Enviar produto", "Enviar produto.csproj", "{090FCE13-5875-4F25-A6AD-B2092ABC6352}"
EndProject
Global
	GlobalSection(SolutionConfigurationPlatforms) = preSolution
		Debug|Any CPU = Debug|Any CPU
		Release|Any CPU = Release|Any CPU
	EndGlobalSection
	GlobalSection(ProjectConfigurationPlatforms) = postSolution
		{090FCE13-5875-4F25-A6AD-B2092ABC6352}.Debug|Any CPU.ActiveCfg = Debug|Any CPU
		{090FCE13-5875-4F25-A6AD-B2092ABC6352}.Debug|Any CPU.Build.0 = Debug|Any CPU
		{090FCE13-5875-4F25-A6AD-B2092ABC6352}.Release|Any CPU.ActiveCfg = Release|Any CPU
		{090FCE13-5875-4F25-A6AD-B2092ABC6352}.Release|Any CPU.Build.0 = Release|Any CPU
	EndGlobalSection
	GlobalSection(SolutionProperties) = preSolution
		HideSolutionNode = FALSE
	EndGlobalSection
	GlobalSection(ExtensibilityGlobals) = postSolution
		SolutionGuid = {D6DEF153-CAFD-425C-A4B4-C57C3C4F4F8A}
	EndGlobalSection
EndGlobal
