
Microsoft Visual Studio Solution File, Format Version 12.00
# Visual Studio Version 17
VisualStudioVersion = 17.7.34031.279
MinimumVisualStudioVersion = 10.0.40219.1
Project("{FAE04EC0-301F-11D3-BF4B-00C04F79EFBC}") = "ExemploMVC", "aula 11\ExemploMVC.csproj", "{2DF46364-95FC-4763-97CC-5EF83B239C6F}"
EndProject
Global
	GlobalSection(SolutionConfigurationPlatforms) = preSolution
		Debug|Any CPU = Debug|Any CPU
		Release|Any CPU = Release|Any CPU
	EndGlobalSection
	GlobalSection(ProjectConfigurationPlatforms) = postSolution
		{2DF46364-95FC-4763-97CC-5EF83B239C6F}.Debug|Any CPU.ActiveCfg = Debug|Any CPU
		{2DF46364-95FC-4763-97CC-5EF83B239C6F}.Debug|Any CPU.Build.0 = Debug|Any CPU
		{2DF46364-95FC-4763-97CC-5EF83B239C6F}.Release|Any CPU.ActiveCfg = Release|Any CPU
		{2DF46364-95FC-4763-97CC-5EF83B239C6F}.Release|Any CPU.Build.0 = Release|Any CPU
	EndGlobalSection
	GlobalSection(SolutionProperties) = preSolution
		HideSolutionNode = FALSE
	EndGlobalSection
	GlobalSection(ExtensibilityGlobals) = postSolution
		SolutionGuid = {7C1A670A-2C16-42C3-B905-440A4996F082}
	EndGlobalSection
EndGlobal
