
Microsoft Visual Studio Solution File, Format Version 12.00
# Visual Studio Version 17
VisualStudioVersion = 17.7.34031.279
MinimumVisualStudioVersion = 10.0.40219.1
Project("{FAE04EC0-301F-11D3-BF4B-00C04F79EFBC}") = "MeuAppMVC", "MeuAppMVC.csproj", "{4C443BF1-FE23-4BAA-BD25-DE98E6B738BE}"
EndProject
Global
	GlobalSection(SolutionConfigurationPlatforms) = preSolution
		Debug|Any CPU = Debug|Any CPU
		Release|Any CPU = Release|Any CPU
	EndGlobalSection
	GlobalSection(ProjectConfigurationPlatforms) = postSolution
		{4C443BF1-FE23-4BAA-BD25-DE98E6B738BE}.Debug|Any CPU.ActiveCfg = Debug|Any CPU
		{4C443BF1-FE23-4BAA-BD25-DE98E6B738BE}.Debug|Any CPU.Build.0 = Debug|Any CPU
		{4C443BF1-FE23-4BAA-BD25-DE98E6B738BE}.Release|Any CPU.ActiveCfg = Release|Any CPU
		{4C443BF1-FE23-4BAA-BD25-DE98E6B738BE}.Release|Any CPU.Build.0 = Release|Any CPU
	EndGlobalSection
	GlobalSection(SolutionProperties) = preSolution
		HideSolutionNode = FALSE
	EndGlobalSection
	GlobalSection(ExtensibilityGlobals) = postSolution
		SolutionGuid = {0AE4A7D4-C9F2-4336-8B0A-ACA24024517E}
	EndGlobalSection
EndGlobal
