
Microsoft Visual Studio Solution File, Format Version 12.00
# Visual Studio Version 17
VisualStudioVersion = 17.7.34031.279
MinimumVisualStudioVersion = 10.0.40219.1
Project("{9A19103F-16F7-4668-BE54-9A1E7A4F7556}") = "Aulaa 11", "Aulaa 11\Aulaa 11.csproj", "{C1F84EED-7A10-419E-9FBF-3387301BAD3A}"
EndProject
Global
	GlobalSection(SolutionConfigurationPlatforms) = preSolution
		Debug|Any CPU = Debug|Any CPU
		Release|Any CPU = Release|Any CPU
	EndGlobalSection
	GlobalSection(ProjectConfigurationPlatforms) = postSolution
		{C1F84EED-7A10-419E-9FBF-3387301BAD3A}.Debug|Any CPU.ActiveCfg = Debug|Any CPU
		{C1F84EED-7A10-419E-9FBF-3387301BAD3A}.Debug|Any CPU.Build.0 = Debug|Any CPU
		{C1F84EED-7A10-419E-9FBF-3387301BAD3A}.Release|Any CPU.ActiveCfg = Release|Any CPU
		{C1F84EED-7A10-419E-9FBF-3387301BAD3A}.Release|Any CPU.Build.0 = Release|Any CPU
	EndGlobalSection
	GlobalSection(SolutionProperties) = preSolution
		HideSolutionNode = FALSE
	EndGlobalSection
	GlobalSection(ExtensibilityGlobals) = postSolution
		SolutionGuid = {893FD95B-6BFA-4C9A-B1F2-18D9FDFB107B}
	EndGlobalSection
EndGlobal
